
Microsoft Visual Studio Solution File, Format Version 12.00
# Visual Studio 15
VisualStudioVersion = 15.0.27004.2005
MinimumVisualStudioVersion = 10.0.40219.1
Project("{FAE04EC0-301F-11D3-BF4B-00C04F79EFBC}") = "HealthMonitor.DataUploader", "HealthMonitor.DataUploader\HealthMonitor.DataUploader.csproj", "{DEFE65A9-0C91-43E1-9279-5AA4AD54E225}"
EndProject
Global
	GlobalSection(SolutionConfigurationPlatforms) = preSolution
		Debug|Any CPU = Debug|Any CPU
		Release|Any CPU = Release|Any CPU
	EndGlobalSection
	GlobalSection(ProjectConfigurationPlatforms) = postSolution
		{DEFE65A9-0C91-43E1-9279-5AA4AD54E225}.Debug|Any CPU.ActiveCfg = Debug|Any CPU
		{DEFE65A9-0C91-43E1-9279-5AA4AD54E225}.Debug|Any CPU.Build.0 = Debug|Any CPU
		{DEFE65A9-0C91-43E1-9279-5AA4AD54E225}.Release|Any CPU.ActiveCfg = Release|Any CPU
		{DEFE65A9-0C91-43E1-9279-5AA4AD54E225}.Release|Any CPU.Build.0 = Release|Any CPU
	EndGlobalSection
	GlobalSection(SolutionProperties) = preSolution
		HideSolutionNode = FALSE
	EndGlobalSection
	GlobalSection(ExtensibilityGlobals) = postSolution
		SolutionGuid = {F1E67735-0A16-454D-8659-B6D2C410621F}
	EndGlobalSection
EndGlobal
